
Microsoft Visual Studio Solution File, Format Version 12.00
# Visual Studio Version 16
VisualStudioVersion = 16.0.29519.181
MinimumVisualStudioVersion = 10.0.40219.1
Project("{FAE04EC0-301F-11D3-BF4B-00C04F79EFBC}") = "BinaryToDecimalConverter", "BinaryToDecimalConverter\BinaryToDecimalConverter.csproj", "{DFFCD8AB-2BEF-4BD1-B7B9-14EE40D2EDCB}"
EndProject
Project("{FAE04EC0-301F-11D3-BF4B-00C04F79EFBC}") = "BinaryToDecimalConverterTest", "BinaryToDecimalConverterTest\BinaryToDecimalConverterTest.csproj", "{D581B84E-490C-4697-998C-46FCB2AC35B2}"
EndProject
Global
	GlobalSection(SolutionConfigurationPlatforms) = preSolution
		Debug|Any CPU = Debug|Any CPU
		Release|Any CPU = Release|Any CPU
	EndGlobalSection
	GlobalSection(ProjectConfigurationPlatforms) = postSolution
		{DFFCD8AB-2BEF-4BD1-B7B9-14EE40D2EDCB}.Debug|Any CPU.ActiveCfg = Debug|Any CPU
		{DFFCD8AB-2BEF-4BD1-B7B9-14EE40D2EDCB}.Debug|Any CPU.Build.0 = Debug|Any CPU
		{DFFCD8AB-2BEF-4BD1-B7B9-14EE40D2EDCB}.Release|Any CPU.ActiveCfg = Release|Any CPU
		{DFFCD8AB-2BEF-4BD1-B7B9-14EE40D2EDCB}.Release|Any CPU.Build.0 = Release|Any CPU
		{D581B84E-490C-4697-998C-46FCB2AC35B2}.Debug|Any CPU.ActiveCfg = Debug|Any CPU
		{D581B84E-490C-4697-998C-46FCB2AC35B2}.Debug|Any CPU.Build.0 = Debug|Any CPU
		{D581B84E-490C-4697-998C-46FCB2AC35B2}.Release|Any CPU.ActiveCfg = Release|Any CPU
		{D581B84E-490C-4697-998C-46FCB2AC35B2}.Release|Any CPU.Build.0 = Release|Any CPU
	EndGlobalSection
	GlobalSection(SolutionProperties) = preSolution
		HideSolutionNode = FALSE
	EndGlobalSection
	GlobalSection(ExtensibilityGlobals) = postSolution
		SolutionGuid = {378C9CBC-9EF0-4BD2-A28A-A8CC22CA5B82}
	EndGlobalSection
EndGlobal
